{
    "_readme": [
        "This file locks the dependencies of your project to a known state",
        "Read more about it at https://getcomposer.org/doc/01-basic-usage.md#composer-lock-the-lock-file",
        "This file is @generated automatically"
    ],
    "content-hash": "6f879feeea0eb0b61a90f0e3b43b8ee3",
    "packages": [
        {
            "name": "catalisio/email-hunter-php",
            "version": "v2.0.0",
            "source": {
                "type": "git",
                "url": "https://github.com/storm23/email-hunter-php.git",
                "reference": "c4b47f9e6b6ce05f2b358a4eccf937fad1cfdb2c"
            },
            "dist": {
                "type": "zip",
                "url": "https://api.github.com/repos/storm23/email-hunter-php/zipball/c4b47f9e6b6ce05f2b358a4eccf937fad1cfdb2c",
                "reference": "c4b47f9e6b6ce05f2b358a4eccf937fad1cfdb2c",
                "shasum": ""
            },
            "require": {
                "php": ">=5.5.0",
                "storm23/api-client-php": "~1.0"
            },
            "require-dev": {
                "phpunit/phpunit": "~4.0"
            },
            "type": "library",
            "autoload": {
                "psr-4": {
                    "Catalisio\\EmailHunterPHP\\": "src/"
                }
            },
            "notification-url": "https://packagist.org/downloads/",
            "license": [
                "MIT"
            ],
            "authors": [
                {
                    "name": "Julien Goldberg",
                    "email": "julien.goldberg@gmail.com"
                }
            ],
            "description": "Email Hunter PHP API client",
            "time": "2017-03-03T13:08:55+00:00"
        },
        {
            "name": "guzzlehttp/guzzle",
            "version": "6.2.3",
            "source": {
                "type": "git",
                "url": "https://github.com/guzzle/guzzle.git",
                "reference": "8d6c6cc55186db87b7dc5009827429ba4e9dc006"
            },
            "dist": {
                "type": "zip",
                "url": "https://api.github.com/repos/guzzle/guzzle/zipball/8d6c6cc55186db87b7dc5009827429ba4e9dc006",
                "reference": "8d6c6cc55186db87b7dc5009827429ba4e9dc006",
                "shasum": ""
            },
            "require": {
                "guzzlehttp/promises": "^1.0",
                "guzzlehttp/psr7": "^1.4",
                "php": ">=5.5"
            },
            "require-dev": {
                "ext-curl": "*",
                "phpunit/phpunit": "^4.0",
                "psr/log": "^1.0"
            },
            "type": "library",
            "extra": {
                "branch-alias": {
                    "dev-master": "6.2-dev"
                }
            },
            "autoload": {
                "files": [
                    "src/functions_include.php"
                ],
                "psr-4": {
                    "GuzzleHttp\\": "src/"
                }
            },
            "notification-url": "https://packagist.org/downloads/",
            "license": [
                "MIT"
            ],
            "authors": [
                {
                    "name": "Michael Dowling",
                    "email": "mtdowling@gmail.com",
                    "homepage": "https://github.com/mtdowling"
                }
            ],
            "description": "Guzzle is a PHP HTTP client library",
            "homepage": "http://guzzlephp.org/",
            "keywords": [
                "client",
                "curl",
                "framework",
                "http",
                "http client",
                "rest",
                "web service"
            ],
            "time": "2017-02-28T22:50:30+00:00"
        },
        {
            "name": "guzzlehttp/promises",
            "version": "v1.3.1",
            "source": {
                "type": "git",
                "url": "https://github.com/guzzle/promises.git",
                "reference": "a59da6cf61d80060647ff4d3eb2c03a2bc694646"
            },
            "dist": {
                "type": "zip",
                "url": "https://api.github.com/repos/guzzle/promises/zipball/a59da6cf61d80060647ff4d3eb2c03a2bc694646",
                "reference": "a59da6cf61d80060647ff4d3eb2c03a2bc694646",
                "shasum": ""
            },
            "require": {
                "php": ">=5.5.0"
            },
            "require-dev": {
                "phpunit/phpunit": "^4.0"
            },
            "type": "library",
            "extra": {
                "branch-alias": {
                    "dev-master": "1.4-dev"
                }
            },
            "autoload": {
                "psr-4": {
                    "GuzzleHttp\\Promise\\": "src/"
                },
                "files": [
                    "src/functions_include.php"
                ]
            },
            "notification-url": "https://packagist.org/downloads/",
            "license": [
                "MIT"
            ],
            "authors": [
                {
                    "name": "Michael Dowling",
                    "email": "mtdowling@gmail.com",
                    "homepage": "https://github.com/mtdowling"
                }
            ],
            "description": "Guzzle promises library",
            "keywords": [
                "promise"
            ],
            "time": "2016-12-20T10:07:11+00:00"
        },
        {
            "name": "guzzlehttp/psr7",
            "version": "1.4.2",
            "source": {
                "type": "git",
                "url": "https://github.com/guzzle/psr7.git",
                "reference": "f5b8a8512e2b58b0071a7280e39f14f72e05d87c"
            },
            "dist": {
                "type": "zip",
                "url": "https://api.github.com/repos/guzzle/psr7/zipball/f5b8a8512e2b58b0071a7280e39f14f72e05d87c",
                "reference": "f5b8a8512e2b58b0071a7280e39f14f72e05d87c",
                "shasum": ""
            },
            "require": {
                "php": ">=5.4.0",
                "psr/http-message": "~1.0"
            },
            "provide": {
                "psr/http-message-implementation": "1.0"
            },
            "require-dev": {
                "phpunit/phpunit": "~4.0"
            },
            "type": "library",
            "extra": {
                "branch-alias": {
                    "dev-master": "1.4-dev"
                }
            },
            "autoload": {
                "psr-4": {
                    "GuzzleHttp\\Psr7\\": "src/"
                },
                "files": [
                    "src/functions_include.php"
                ]
            },
            "notification-url": "https://packagist.org/downloads/",
            "license": [
                "MIT"
            ],
            "authors": [
                {
                    "name": "Michael Dowling",
                    "email": "mtdowling@gmail.com",
                    "homepage": "https://github.com/mtdowling"
                },
                {
                    "name": "Tobias Schultze",
                    "homepage": "https://github.com/Tobion"
                }
            ],
            "description": "PSR-7 message implementation that also provides common utility methods",
            "keywords": [
                "http",
                "message",
                "request",
                "response",
                "stream",
                "uri",
                "url"
            ],
            "time": "2017-03-20T17:10:46+00:00"
        },
        {
            "name": "layershifter/tld-database",
            "version": "1.0.42",
            "source": {
                "type": "git",
                "url": "https://github.com/layershifter/TLDDatabase.git",
                "reference": "c964aaad10af0b0119cbc803e5b32bc7b76d74bd"
            },
            "dist": {
                "type": "zip",
                "url": "https://api.github.com/repos/layershifter/TLDDatabase/zipball/c964aaad10af0b0119cbc803e5b32bc7b76d74bd",
                "reference": "c964aaad10af0b0119cbc803e5b32bc7b76d74bd",
                "shasum": ""
            },
            "require": {
                "ext-curl": "*",
                "layershifter/tld-support": "^1.0.0",
                "php": "^5.5.0 || ^7.0"
            },
            "require-dev": {
                "codeclimate/php-test-reporter": "dev-master",
                "mikey179/vfsstream": "^1.6",
                "phpmd/phpmd": "@stable",
                "phpunit/phpunit": "^4.8 || ^5.0",
                "squizlabs/php_codesniffer": "~2.0"
            },
            "type": "library",
            "autoload": {
                "psr-4": {
                    "LayerShifter\\TLDDatabase\\": "src/"
                }
            },
            "notification-url": "https://packagist.org/downloads/",
            "license": [
                "Apache-2.0"
            ],
            "authors": [
                {
                    "name": "Alexander Fedyashov",
                    "email": "a@fedyashov.com"
                }
            ],
            "description": "Database abstraction for Public Suffix List",
            "keywords": [
                "PSL",
                "Public Suffix List",
                "domain database",
                "tld database"
            ],
            "time": "2017-04-14T07:30:19+00:00"
        },
        {
            "name": "layershifter/tld-extract",
            "version": "1.2.1",
            "source": {
                "type": "git",
                "url": "https://github.com/layershifter/TLDExtract.git",
                "reference": "a645ed9f3ee7a4bd769fbc1186dd2575ae6a4790"
            },
            "dist": {
                "type": "zip",
                "url": "https://api.github.com/repos/layershifter/TLDExtract/zipball/a645ed9f3ee7a4bd769fbc1186dd2575ae6a4790",
                "reference": "a645ed9f3ee7a4bd769fbc1186dd2575ae6a4790",
                "shasum": ""
            },
            "require": {
                "layershifter/tld-database": "^1.0",
                "layershifter/tld-support": "^1.1",
                "php": "^5.5.0 || ^7.0",
                "true/punycode": "^2.1.1"
            },
            "require-dev": {
                "phpmd/phpmd": "@stable",
                "phpunit/phpunit": "^4.8 || ^5.0",
                "squizlabs/php_codesniffer": "~2.0"
            },
            "type": "library",
            "autoload": {
                "files": [
                    "src/static.php"
                ],
                "psr-4": {
                    "LayerShifter\\TLDExtract\\": "src/"
                }
            },
            "notification-url": "https://packagist.org/downloads/",
            "license": [
                "Apache-2.0"
            ],
            "authors": [
                {
                    "name": "Alexander Fedyashov",
                    "email": "a@fedyashov.com"
                }
            ],
            "description": "TLDExtract, library for extracting parts of domain, e.q. domain parser",
            "keywords": [
                "TLDExtract",
                "domain parser"
            ],
            "time": "2017-04-17T12:08:59+00:00"
        },
        {
            "name": "layershifter/tld-support",
            "version": "1.1.1",
            "source": {
                "type": "git",
                "url": "https://github.com/layershifter/TLDSupport.git",
                "reference": "9b9eb2350db82239289f4e6eb250a2fe4865b0db"
            },
            "dist": {
                "type": "zip",
                "url": "https://api.github.com/repos/layershifter/TLDSupport/zipball/9b9eb2350db82239289f4e6eb250a2fe4865b0db",
                "reference": "9b9eb2350db82239289f4e6eb250a2fe4865b0db",
                "shasum": ""
            },
            "require": {
                "php": ">=5.5",
                "symfony/polyfill-mbstring": "^1.2"
            },
            "require-dev": {
                "codeclimate/php-test-reporter": "dev-master",
                "phpmd/phpmd": "@stable",
                "phpunit/phpunit": "4.8.*",
                "squizlabs/php_codesniffer": "2.*"
            },
            "type": "library",
            "autoload": {
                "psr-4": {
                    "LayerShifter\\TLDSupport\\": "src/"
                }
            },
            "notification-url": "https://packagist.org/downloads/",
            "license": [
                "Apache-2.0"
            ],
            "authors": [
                {
                    "name": "Alexander Fedyashov",
                    "email": "a@fedyashov.com"
                }
            ],
            "description": "Support package for TLDDatabase and TLDExtract",
            "time": "2016-06-18T12:28:04+00:00"
        },
        {
            "name": "paquettg/php-html-parser",
            "version": "1.7.0",
            "source": {
                "type": "git",
                "url": "https://github.com/paquettg/php-html-parser.git",
                "reference": "18845e09831dd0772b88b51e788a4f74c701224c"
            },
            "dist": {
                "type": "zip",
                "url": "https://api.github.com/repos/paquettg/php-html-parser/zipball/18845e09831dd0772b88b51e788a4f74c701224c",
                "reference": "18845e09831dd0772b88b51e788a4f74c701224c",
                "shasum": ""
            },
            "require": {
                "paquettg/string-encode": "~0.1.0",
                "php": ">=5.4"
            },
            "require-dev": {
                "mockery/mockery": "~0.9.0",
                "phpunit/phpunit": "~4.8.0",
                "satooshi/php-coveralls": "~0.6.0"
            },
            "type": "library",
            "autoload": {
                "psr-0": {
                    "PHPHtmlParser": "src/"
                }
            },
            "notification-url": "https://packagist.org/downloads/",
            "license": [
                "MIT"
            ],
            "authors": [
                {
                    "name": "Gilles Paquette",
                    "email": "paquettg@gmail.com",
                    "homepage": "http://gillespaquette.ca"
                }
            ],
            "description": "An HTML DOM parser. It allows you to manipulate HTML. Find tags on an HTML page with selectors just like jQuery.",
            "homepage": "https://github.com/paquettg/php-html-parser",
            "keywords": [
                "dom",
                "html",
                "parser"
            ],
            "time": "2016-04-06T15:24:40+00:00"
        },
        {
            "name": "paquettg/string-encode",
            "version": "0.1.1",
            "source": {
                "type": "git",
                "url": "https://github.com/paquettg/string-encoder.git",
                "reference": "cf08343649701979f581c1601d01247fa3782439"
            },
            "dist": {
                "type": "zip",
                "url": "https://api.github.com/repos/paquettg/string-encoder/zipball/cf08343649701979f581c1601d01247fa3782439",
                "reference": "cf08343649701979f581c1601d01247fa3782439",
                "shasum": ""
            },
            "require": {
                "php": ">=5.4"
            },
            "require-dev": {
                "phpunit/phpunit": "3.7.*"
            },
            "type": "library",
            "autoload": {
                "psr-0": {
                    "stringEncode": "src/"
                }
            },
            "notification-url": "https://packagist.org/downloads/",
            "license": [
                "MIT"
            ],
            "authors": [
                {
                    "name": "Gilles Paquette",
                    "email": "paquettg@gmail.com",
                    "homepage": "http://gillespaquette.ca"
                }
            ],
            "description": "Facilitating the process of altering string encoding in PHP.",
            "homepage": "https://github.com/paquettg/string-encoder",
            "keywords": [
                "charset",
                "encoding",
                "string"
            ],
            "time": "2014-05-29T18:38:09+00:00"
        },
        {
            "name": "psr/http-message",
            "version": "1.0.1",
            "source": {
                "type": "git",
                "url": "https://github.com/php-fig/http-message.git",
                "reference": "f6561bf28d520154e4b0ec72be95418abe6d9363"
            },
            "dist": {
                "type": "zip",
                "url": "https://api.github.com/repos/php-fig/http-message/zipball/f6561bf28d520154e4b0ec72be95418abe6d9363",
                "reference": "f6561bf28d520154e4b0ec72be95418abe6d9363",
                "shasum": ""
            },
            "require": {
                "php": ">=5.3.0"
            },
            "type": "library",
            "extra": {
                "branch-alias": {
                    "dev-master": "1.0.x-dev"
                }
            },
            "autoload": {
                "psr-4": {
                    "Psr\\Http\\Message\\": "src/"
                }
            },
            "notification-url": "https://packagist.org/downloads/",
            "license": [
                "MIT"
            ],
            "authors": [
                {
                    "name": "PHP-FIG",
                    "homepage": "http://www.php-fig.org/"
                }
            ],
            "description": "Common interface for HTTP messages",
            "homepage": "https://github.com/php-fig/http-message",
            "keywords": [
                "http",
                "http-message",
                "psr",
                "psr-7",
                "request",
                "response"
            ],
            "time": "2016-08-06T14:39:51+00:00"
        },
        {
            "name": "serps/core",
            "version": "v0.2.0",
            "source": {
                "type": "git",
                "url": "https://github.com/serp-spider/core.git",
                "reference": "a016dc324c01fca3c8a921d641ab251c43fa4e18"
            },
            "dist": {
                "type": "zip",
                "url": "https://api.github.com/repos/serp-spider/core/zipball/a016dc324c01fca3c8a921d641ab251c43fa4e18",
                "reference": "a016dc324c01fca3c8a921d641ab251c43fa4e18",
                "shasum": ""
            },
            "require": {
                "php": ">=5.5",
                "psr/http-message": "^1.0.0",
                "symfony/css-selector": "^2|^3"
            },
            "require-dev": {
                "guzzlehttp/psr7": "^1.3.0",
                "phpunit/phpunit": "~4.1",
                "squizlabs/php_codesniffer": "~2.5",
                "zendframework/zend-diactoros": "1.3.3"
            },
            "type": "library",
            "extra": {
                "branch-alias": {
                    "dev-master": "0.2.*-dev"
                }
            },
            "autoload": {
                "psr-4": {
                    "Serps\\": "src/"
                }
            },
            "notification-url": "https://packagist.org/downloads/",
            "license": [
                "Fair"
            ],
            "authors": [
                {
                    "name": "Soufiane GHZAL",
                    "homepage": "https://github.com/gsouf"
                }
            ],
            "description": "Search engine scrapper",
            "homepage": "https://github.com/serp-spider/core",
            "keywords": [
                "bing",
                "google",
                "scrapper",
                "search engine",
                "yahoo"
            ],
            "time": "2017-05-01T13:06:57+00:00"
        },
        {
            "name": "serps/http-client-curl",
            "version": "v0.2.0",
            "source": {
                "type": "git",
                "url": "https://github.com/serp-spider/http-client-curl.git",
                "reference": "0b45ae5c03ca77ba99cf07f2639d674fb2732bac"
            },
            "dist": {
                "type": "zip",
                "url": "https://api.github.com/repos/serp-spider/http-client-curl/zipball/0b45ae5c03ca77ba99cf07f2639d674fb2732bac",
                "reference": "0b45ae5c03ca77ba99cf07f2639d674fb2732bac",
                "shasum": ""
            },
            "require": {
                "php": ">=5.5",
                "serps/core": "~0.2.0"
            },
            "require-dev": {
                "phpunit/phpunit": "4.1.2",
                "serps/http-client-test-suite": "*",
                "squizlabs/php_codesniffer": "~2.5",
                "zendframework/zend-diactoros": ">=1"
            },
            "type": "library",
            "extra": {
                "branch-alias": {
                    "dev-master": "0.2.*-dev"
                }
            },
            "autoload": {
                "psr-4": {
                    "Serps\\HttpClient\\": "src/"
                }
            },
            "notification-url": "https://packagist.org/downloads/",
            "license": [
                "Fair"
            ],
            "authors": [
                {
                    "name": "Soufiane GHZAL",
                    "homepage": "https://github.com/gsouf"
                }
            ],
            "description": "CURL client for SERPS",
            "homepage": "https://github.com/serp-spider/serps-http-client-curl",
            "keywords": [
                "SERPS",
                "curl",
                "http client"
            ],
            "time": "2017-04-30T08:26:52+00:00"
        },
        {
            "name": "serps/http-client-phantomjs",
            "version": "v0.2.0",
            "source": {
                "type": "git",
                "url": "https://github.com/serp-spider/http-client-phantomjs.git",
                "reference": "c85705ae56543629d25c9d5281a22993930bc509"
            },
            "dist": {
                "type": "zip",
                "url": "https://api.github.com/repos/serp-spider/http-client-phantomjs/zipball/c85705ae56543629d25c9d5281a22993930bc509",
                "reference": "c85705ae56543629d25c9d5281a22993930bc509",
                "shasum": ""
            },
            "require": {
                "php": ">=5.5",
                "serps/core": "~0.2.0",
                "symfony/process": "~3.0.2|~2.1"
            },
            "require-dev": {
                "jakoch/phantomjs-installer": "~2.1.1",
                "phpunit/phpunit": "4.1.2",
                "serps/http-client-test-suite": "*",
                "squizlabs/php_codesniffer": "~2.5",
                "zendframework/zend-diactoros": ">=1"
            },
            "suggest": {
                "jakoch/phantomjs-installer": "Install phantom js alongside your project"
            },
            "type": "library",
            "extra": {
                "branch-alias": {
                    "dev-master": "0.2.*-dev"
                }
            },
            "autoload": {
                "psr-4": {
                    "Serps\\HttpClient\\": "src/"
                }
            },
            "notification-url": "https://packagist.org/downloads/",
            "license": [
                "Fair"
            ],
            "authors": [
                {
                    "name": "Soufiane GHZAL",
                    "homepage": "https://github.com/gsouf"
                }
            ],
            "description": "PhantomJS client for SERPS",
            "homepage": "https://github.com/gsouf/serp-spider/http-client-phantomjs",
            "keywords": [
                "SERPS",
                "http client",
                "phantomjs"
            ],
            "time": "2016-09-21T22:50:21+00:00"
        },
        {
            "name": "serps/search-engine-google",
            "version": "v0.2.0",
            "source": {
                "type": "git",
                "url": "https://github.com/serp-spider/search-engine-google.git",
                "reference": "529e436cf3fb5b4cfbb54b788e0f4513d2712091"
            },
            "dist": {
                "type": "zip",
                "url": "https://api.github.com/repos/serp-spider/search-engine-google/zipball/529e436cf3fb5b4cfbb54b788e0f4513d2712091",
                "reference": "529e436cf3fb5b4cfbb54b788e0f4513d2712091",
                "shasum": ""
            },
            "require": {
                "php": ">=5.5",
                "serps/core": "~0.2.0"
            },
            "require-dev": {
                "guzzlehttp/psr7": "^1.4",
                "phpunit/phpunit": "~4.1",
                "squizlabs/php_codesniffer": "~2.5",
                "symfony/yaml": ">=2.0"
            },
            "suggest": {
                "guzzlehttp/psr7": "For http request",
                "zendframework/zend-diactoros": "For http request"
            },
            "type": "library",
            "extra": {
                "branch-alias": {
                    "dev-master": "0.2.*-dev"
                }
            },
            "autoload": {
                "psr-4": {
                    "Serps\\SearchEngine\\Google\\": "src/"
                }
            },
            "notification-url": "https://packagist.org/downloads/",
            "license": [
                "Fair"
            ],
            "authors": [
                {
                    "name": "Soufiane GHZAL",
                    "homepage": "https://github.com/gsouf"
                }
            ],
            "description": "Google Rules and client for SERPS",
            "homepage": "https://github.com/serp-spider/search-engine-google",
            "keywords": [
                "SERPS",
                "google"
            ],
            "time": "2017-05-01T14:10:33+00:00"
        },
        {
            "name": "storm23/api-client-php",
            "version": "v1.0.4",
            "source": {
                "type": "git",
                "url": "https://github.com/storm23/api-client.git",
                "reference": "71168376cb70cbbf1b971032b0223c17ba490ef8"
            },
            "dist": {
                "type": "zip",
                "url": "https://api.github.com/repos/storm23/api-client/zipball/71168376cb70cbbf1b971032b0223c17ba490ef8",
                "reference": "71168376cb70cbbf1b971032b0223c17ba490ef8",
                "shasum": ""
            },
            "require": {
                "guzzlehttp/guzzle": "~6.0",
                "php": ">=5.5.0"
            },
            "require-dev": {
                "phpunit/phpunit": "~5.7"
            },
            "type": "library",
            "autoload": {
                "psr-4": {
                    "Catalisio\\APIClient\\": "src/"
                }
            },
            "notification-url": "https://packagist.org/downloads/",
            "license": [
                "MIT"
            ],
            "authors": [
                {
                    "name": "Julien Goldberg",
                    "email": "julien@catalisio.com"
                }
            ],
            "description": "PHP API client",
            "time": "2017-02-28T13:29:56+00:00"
        },
        {
            "name": "symfony/css-selector",
            "version": "v3.2.8",
            "source": {
                "type": "git",
                "url": "https://github.com/symfony/css-selector.git",
                "reference": "02983c144038e697c959e6b06ef6666de759ccbc"
            },
            "dist": {
                "type": "zip",
                "url": "https://api.github.com/repos/symfony/css-selector/zipball/02983c144038e697c959e6b06ef6666de759ccbc",
                "reference": "02983c144038e697c959e6b06ef6666de759ccbc",
                "shasum": ""
            },
            "require": {
                "php": ">=5.5.9"
            },
            "type": "library",
            "extra": {
                "branch-alias": {
                    "dev-master": "3.2-dev"
                }
            },
            "autoload": {
                "psr-4": {
                    "Symfony\\Component\\CssSelector\\": ""
                },
                "exclude-from-classmap": [
                    "/Tests/"
                ]
            },
            "notification-url": "https://packagist.org/downloads/",
            "license": [
                "MIT"
            ],
            "authors": [
                {
                    "name": "Jean-François Simon",
                    "email": "jeanfrancois.simon@sensiolabs.com"
                },
                {
                    "name": "Fabien Potencier",
                    "email": "fabien@symfony.com"
                },
                {
                    "name": "Symfony Community",
                    "homepage": "https://symfony.com/contributors"
                }
            ],
            "description": "Symfony CssSelector Component",
            "homepage": "https://symfony.com",
            "time": "2017-05-01T14:55:58+00:00"
        },
        {
            "name": "symfony/http-foundation",
            "version": "v3.2.7",
            "source": {
                "type": "git",
                "url": "https://github.com/symfony/http-foundation.git",
                "reference": "cb0b6418f588952c9290b3df4ca650f1b7ab570a"
            },
            "dist": {
                "type": "zip",
                "url": "https://api.github.com/repos/symfony/http-foundation/zipball/cb0b6418f588952c9290b3df4ca650f1b7ab570a",
                "reference": "cb0b6418f588952c9290b3df4ca650f1b7ab570a",
                "shasum": ""
            },
            "require": {
                "php": ">=5.5.9",
                "symfony/polyfill-mbstring": "~1.1"
            },
            "require-dev": {
                "symfony/expression-language": "~2.8|~3.0"
            },
            "type": "library",
            "extra": {
                "branch-alias": {
                    "dev-master": "3.2-dev"
                }
            },
            "autoload": {
                "psr-4": {
                    "Symfony\\Component\\HttpFoundation\\": ""
                },
                "exclude-from-classmap": [
                    "/Tests/"
                ]
            },
            "notification-url": "https://packagist.org/downloads/",
            "license": [
                "MIT"
            ],
            "authors": [
                {
                    "name": "Fabien Potencier",
                    "email": "fabien@symfony.com"
                },
                {
                    "name": "Symfony Community",
                    "homepage": "https://symfony.com/contributors"
                }
            ],
            "description": "Symfony HttpFoundation Component",
            "homepage": "https://symfony.com",
            "time": "2017-04-04T15:30:56+00:00"
        },
        {
            "name": "symfony/polyfill-mbstring",
            "version": "v1.3.0",
            "source": {
                "type": "git",
                "url": "https://github.com/symfony/polyfill-mbstring.git",
                "reference": "e79d363049d1c2128f133a2667e4f4190904f7f4"
            },
            "dist": {
                "type": "zip",
                "url": "https://api.github.com/repos/symfony/polyfill-mbstring/zipball/e79d363049d1c2128f133a2667e4f4190904f7f4",
                "reference": "e79d363049d1c2128f133a2667e4f4190904f7f4",
                "shasum": ""
            },
            "require": {
                "php": ">=5.3.3"
            },
            "suggest": {
                "ext-mbstring": "For best performance"
            },
            "type": "library",
            "extra": {
                "branch-alias": {
                    "dev-master": "1.3-dev"
                }
            },
            "autoload": {
                "psr-4": {
                    "Symfony\\Polyfill\\Mbstring\\": ""
                },
                "files": [
                    "bootstrap.php"
                ]
            },
            "notification-url": "https://packagist.org/downloads/",
            "license": [
                "MIT"
            ],
            "authors": [
                {
                    "name": "Nicolas Grekas",
                    "email": "p@tchwork.com"
                },
                {
                    "name": "Symfony Community",
                    "homepage": "https://symfony.com/contributors"
                }
            ],
            "description": "Symfony polyfill for the Mbstring extension",
            "homepage": "https://symfony.com",
            "keywords": [
                "compatibility",
                "mbstring",
                "polyfill",
                "portable",
                "shim"
            ],
            "time": "2016-11-14T01:06:16+00:00"
        },
        {
            "name": "symfony/process",
            "version": "v3.0.9",
            "source": {
                "type": "git",
                "url": "https://github.com/symfony/process.git",
                "reference": "768debc5996f599c4372b322d9061dba2a4bf505"
            },
            "dist": {
                "type": "zip",
                "url": "https://api.github.com/repos/symfony/process/zipball/768debc5996f599c4372b322d9061dba2a4bf505",
                "reference": "768debc5996f599c4372b322d9061dba2a4bf505",
                "shasum": ""
            },
            "require": {
                "php": ">=5.5.9"
            },
            "type": "library",
            "extra": {
                "branch-alias": {
                    "dev-master": "3.0-dev"
                }
            },
            "autoload": {
                "psr-4": {
                    "Symfony\\Component\\Process\\": ""
                },
                "exclude-from-classmap": [
                    "/Tests/"
                ]
            },
            "notification-url": "https://packagist.org/downloads/",
            "license": [
                "MIT"
            ],
            "authors": [
                {
                    "name": "Fabien Potencier",
                    "email": "fabien@symfony.com"
                },
                {
                    "name": "Symfony Community",
                    "homepage": "https://symfony.com/contributors"
                }
            ],
            "description": "Symfony Process Component",
            "homepage": "https://symfony.com",
            "time": "2016-07-28T11:13:34+00:00"
        },
        {
            "name": "thiagoalessio/tesseract_ocr",
            "version": "1.0.0-RC",
            "source": {
                "type": "git",
                "url": "https://github.com/thiagoalessio/tesseract-ocr-for-php.git",
                "reference": "b22008ee163330aaaaae97424aa8b7dde8246882"
            },
            "dist": {
                "type": "zip",
                "url": "https://api.github.com/repos/thiagoalessio/tesseract-ocr-for-php/zipball/b22008ee163330aaaaae97424aa8b7dde8246882",
                "reference": "b22008ee163330aaaaae97424aa8b7dde8246882",
                "shasum": ""
            },
            "require-dev": {
                "phpunit/phpunit": "5.3.2"
            },
            "type": "library",
            "autoload": {
                "classmap": [
                    "src"
                ]
            },
            "notification-url": "https://packagist.org/downloads/",
            "license": [
                "Apache-2.0"
            ],
            "authors": [
                {
                    "name": "Thiago Alessio Pereira",
                    "email": "thiagoalessio@me.com",
                    "homepage": "http://thiagoalessio.me"
                }
            ],
            "description": "A wrapper to work with Tesseract OCR inside PHP.",
            "keywords": [
                "OCR",
                "Tesseract",
                "text recognition"
            ],
            "time": "2016-04-20T23:29:55+00:00"
        },
        {
            "name": "true/punycode",
            "version": "v2.1.1",
            "source": {
                "type": "git",
                "url": "https://github.com/true/php-punycode.git",
                "reference": "a4d0c11a36dd7f4e7cd7096076cab6d3378a071e"
            },
            "dist": {
                "type": "zip",
                "url": "https://api.github.com/repos/true/php-punycode/zipball/a4d0c11a36dd7f4e7cd7096076cab6d3378a071e",
                "reference": "a4d0c11a36dd7f4e7cd7096076cab6d3378a071e",
                "shasum": ""
            },
            "require": {
                "php": ">=5.3.0",
                "symfony/polyfill-mbstring": "^1.3"
            },
            "require-dev": {
                "phpunit/phpunit": "~4.7",
                "squizlabs/php_codesniffer": "~2.0"
            },
            "type": "library",
            "autoload": {
                "psr-4": {
                    "TrueBV\\": "src/"
                }
            },
            "notification-url": "https://packagist.org/downloads/",
            "license": [
                "MIT"
            ],
            "authors": [
                {
                    "name": "Renan Gonçalves",
                    "email": "renan.saddam@gmail.com"
                }
            ],
            "description": "A Bootstring encoding of Unicode for Internationalized Domain Names in Applications (IDNA)",
            "homepage": "https://github.com/true/php-punycode",
            "keywords": [
                "idna",
                "punycode"
            ],
            "time": "2016-11-16T10:37:54+00:00"
        }
    ],
    "packages-dev": [],
    "aliases": [],
    "minimum-stability": "stable",
    "stability-flags": {
        "thiagoalessio/tesseract_ocr": 5
    },
    "prefer-stable": false,
    "prefer-lowest": false,
    "platform": [],
    "platform-dev": []
}
